
Microsoft Visual Studio Solution File, Format Version 12.00
# Visual Studio 15
VisualStudioVersion = 15.0.28307.1145
MinimumVisualStudioVersion = 10.0.40219.1
Project("{9092AA53-FB77-4645-B42D-1CCCA6BD08BD}") = "Assignment2_JS", "Assignment2_JS\Assignment2_JS.njsproj", "{C94C479E-6C8A-4081-8882-30DF079F3FAC}"
EndProject
Global
	GlobalSection(SolutionConfigurationPlatforms) = preSolution
		Debug|Any CPU = Debug|Any CPU
		Release|Any CPU = Release|Any CPU
	EndGlobalSection
	GlobalSection(ProjectConfigurationPlatforms) = postSolution
		{C94C479E-6C8A-4081-8882-30DF079F3FAC}.Debug|Any CPU.ActiveCfg = Debug|Any CPU
		{C94C479E-6C8A-4081-8882-30DF079F3FAC}.Debug|Any CPU.Build.0 = Debug|Any CPU
		{C94C479E-6C8A-4081-8882-30DF079F3FAC}.Release|Any CPU.ActiveCfg = Release|Any CPU
		{C94C479E-6C8A-4081-8882-30DF079F3FAC}.Release|Any CPU.Build.0 = Release|Any CPU
	EndGlobalSection
	GlobalSection(SolutionProperties) = preSolution
		HideSolutionNode = FALSE
	EndGlobalSection
	GlobalSection(ExtensibilityGlobals) = postSolution
		SolutionGuid = {4AA850C2-5F32-4C7A-B9FA-BA690D0B4952}
	EndGlobalSection
EndGlobal
